
Microsoft Visual Studio Solution File, Format Version 12.00
# Visual Studio Version 17
VisualStudioVersion = 17.8.34601.278
MinimumVisualStudioVersion = 10.0.40219.1
Project("{FAE04EC0-301F-11D3-BF4B-00C04F79EFBC}") = "weather-forecast", "weather-forecast\weather-forecast.csproj", "{074516F2-31B8-4419-B9E7-567D6669C98F}"
EndProject
Global
	GlobalSection(SolutionConfigurationPlatforms) = preSolution
		Debug|Any CPU = Debug|Any CPU
		Release|Any CPU = Release|Any CPU
	EndGlobalSection
	GlobalSection(ProjectConfigurationPlatforms) = postSolution
		{074516F2-31B8-4419-B9E7-567D6669C98F}.Debug|Any CPU.ActiveCfg = Debug|Any CPU
		{074516F2-31B8-4419-B9E7-567D6669C98F}.Debug|Any CPU.Build.0 = Debug|Any CPU
		{074516F2-31B8-4419-B9E7-567D6669C98F}.Release|Any CPU.ActiveCfg = Release|Any CPU
		{074516F2-31B8-4419-B9E7-567D6669C98F}.Release|Any CPU.Build.0 = Release|Any CPU
	EndGlobalSection
	GlobalSection(SolutionProperties) = preSolution
		HideSolutionNode = FALSE
	EndGlobalSection
	GlobalSection(ExtensibilityGlobals) = postSolution
		SolutionGuid = {B0C6F685-09CA-47B7-A360-108B48678E5C}
	EndGlobalSection
EndGlobal
